
Microsoft Visual Studio Solution File, Format Version 12.00
# Visual Studio Version 16
VisualStudioVersion = 16.0.30611.23
MinimumVisualStudioVersion = 10.0.40219.1
Project("{FAE04EC0-301F-11D3-BF4B-00C04F79EFBC}") = "HomeGarden_Web", "HomeGarden_Web.csproj", "{DE9A9402-9A6C-4F6D-9ED0-2CDFF145D74F}"
EndProject
Global
	GlobalSection(SolutionConfigurationPlatforms) = preSolution
		Debug|Any CPU = Debug|Any CPU
		Release|Any CPU = Release|Any CPU
	EndGlobalSection
	GlobalSection(ProjectConfigurationPlatforms) = postSolution
		{DE9A9402-9A6C-4F6D-9ED0-2CDFF145D74F}.Debug|Any CPU.ActiveCfg = Debug|Any CPU
		{DE9A9402-9A6C-4F6D-9ED0-2CDFF145D74F}.Debug|Any CPU.Build.0 = Debug|Any CPU
		{DE9A9402-9A6C-4F6D-9ED0-2CDFF145D74F}.Release|Any CPU.ActiveCfg = Release|Any CPU
		{DE9A9402-9A6C-4F6D-9ED0-2CDFF145D74F}.Release|Any CPU.Build.0 = Release|Any CPU
	EndGlobalSection
	GlobalSection(SolutionProperties) = preSolution
		HideSolutionNode = FALSE
	EndGlobalSection
	GlobalSection(ExtensibilityGlobals) = postSolution
		SolutionGuid = {7B6FE5DE-EABF-4C3C-B2FC-D1D74D9F1B47}
	EndGlobalSection
EndGlobal
